
Microsoft Visual Studio Solution File, Format Version 12.00
Project("{FAE04EC0-301F-11D3-BF4B-00C04F79EFBC}") = "FactoryFactory", "FactoryFactory\FactoryFactory.csproj", "{20A191E5-8ADE-4921-B0B5-C596446822F4}"
EndProject
Project("{FAE04EC0-301F-11D3-BF4B-00C04F79EFBC}") = "FactoryFactory.Tests", "FactoryFactory.Tests\FactoryFactory.Tests.csproj", "{892F72CD-2822-48E1-98D6-707FF5C2D929}"
EndProject
Project("{2150E333-8FDC-42A3-9474-1A3956D46DE8}") = ".root", ".root", "{6084FE0E-6CF5-4D9C-AE1A-9E5706F99250}"
ProjectSection(SolutionItems) = preProject
	..\.editorconfig = ..\.editorconfig
	..\.gitattributes = ..\.gitattributes
	..\.gitignore = ..\.gitignore
	..\README.md = ..\README.md
	..\LICENSE = ..\LICENSE
EndProjectSection
EndProject
Project("{2150E333-8FDC-42A3-9474-1A3956D46DE8}") = ".build", ".build", "{3133739A-EEC6-46AD-9DF7-8DB115BF85F0}"
ProjectSection(SolutionItems) = preProject
	..\build.py = ..\build.py
	..\appveyor.yml = ..\appveyor.yml
EndProjectSection
EndProject
Global
	GlobalSection(SolutionConfigurationPlatforms) = preSolution
		Debug|Any CPU = Debug|Any CPU
		Release|Any CPU = Release|Any CPU
	EndGlobalSection
	GlobalSection(ProjectConfigurationPlatforms) = postSolution
		{20A191E5-8ADE-4921-B0B5-C596446822F4}.Debug|Any CPU.ActiveCfg = Debug|Any CPU
		{20A191E5-8ADE-4921-B0B5-C596446822F4}.Debug|Any CPU.Build.0 = Debug|Any CPU
		{20A191E5-8ADE-4921-B0B5-C596446822F4}.Release|Any CPU.ActiveCfg = Release|Any CPU
		{20A191E5-8ADE-4921-B0B5-C596446822F4}.Release|Any CPU.Build.0 = Release|Any CPU
		{892F72CD-2822-48E1-98D6-707FF5C2D929}.Debug|Any CPU.ActiveCfg = Debug|Any CPU
		{892F72CD-2822-48E1-98D6-707FF5C2D929}.Debug|Any CPU.Build.0 = Debug|Any CPU
		{892F72CD-2822-48E1-98D6-707FF5C2D929}.Release|Any CPU.ActiveCfg = Release|Any CPU
		{892F72CD-2822-48E1-98D6-707FF5C2D929}.Release|Any CPU.Build.0 = Release|Any CPU
	EndGlobalSection
EndGlobal
